// !$*UTF8*$!
{
	archiveVersion = 1;
	classes = {
	};
	objectVersion = 50;
	objects = {

/* Begin PBXBuildFile section */
		0183D874252C06D7001DC8C9 /* Localizable.strings in Resources */ = {isa = PBXBuildFile; fileRef = 0183D876252C06D7001DC8C9 /* Localizable.strings */; };
		01957A69252B9FEA00802F58 /* StartScreenViewController.swift in Sources */ = {isa = PBXBuildFile; fileRef = 01957A68252B9FEA00802F58 /* StartScreenViewController.swift */; };
		01957A6D252BA2DE00802F58 /* StartScreenButton.swift in Sources */ = {isa = PBXBuildFile; fileRef = 01957A6C252BA2DE00802F58 /* StartScreenButton.swift */; };
		01957A70252BA35000802F58 /* GameTitleLabel.swift in Sources */ = {isa = PBXBuildFile; fileRef = 01957A6F252BA35000802F58 /* GameTitleLabel.swift */; };
		01957A73252BA3AE00802F58 /* PlayerSelectView.swift in Sources */ = {isa = PBXBuildFile; fileRef = 01957A72252BA3AE00802F58 /* PlayerSelectView.swift */; };
		01F77DB0252B358800466962 /* AppDelegate.swift in Sources */ = {isa = PBXBuildFile; fileRef = 01F77DAF252B358800466962 /* AppDelegate.swift */; };
		01F77DB2252B358800466962 /* SceneDelegate.swift in Sources */ = {isa = PBXBuildFile; fileRef = 01F77DB1252B358800466962 /* SceneDelegate.swift */; };
		01F77DBA252B358800466962 /* TetrisCloneWIthGit.xcdatamodeld in Sources */ = {isa = PBXBuildFile; fileRef = 01F77DB8252B358800466962 /* TetrisCloneWIthGit.xcdatamodeld */; };
		01F77DBC252B358A00466962 /* Assets.xcassets in Resources */ = {isa = PBXBuildFile; fileRef = 01F77DBB252B358A00466962 /* Assets.xcassets */; };
		01F77DBF252B358A00466962 /* LaunchScreen.storyboard in Resources */ = {isa = PBXBuildFile; fileRef = 01F77DBD252B358A00466962 /* LaunchScreen.storyboard */; };
/* End PBXBuildFile section */

/* Begin PBXFileReference section */
		0183D875252C06D7001DC8C9 /* en */ = {isa = PBXFileReference; lastKnownFileType = text.plist.strings; name = en; path = en.lproj/Localizable.strings; sourceTree = "<group>"; };
		0183D879252C0709001DC8C9 /* zh-Hant */ = {isa = PBXFileReference; lastKnownFileType = text.plist.strings; name = "zh-Hant"; path = "zh-Hant.lproj/Localizable.strings"; sourceTree = "<group>"; };
		0183D87B252C073F001DC8C9 /* ja */ = {isa = PBXFileReference; lastKnownFileType = text.plist.strings; name = ja; path = ja.lproj/Localizable.strings; sourceTree = "<group>"; };
		0183D87D252C0F54001DC8C9 /* fr */ = {isa = PBXFileReference; lastKnownFileType = text.plist.strings; name = fr; path = fr.lproj/Localizable.strings; sourceTree = "<group>"; };
		0183D87E252C0F6E001DC8C9 /* he */ = {isa = PBXFileReference; lastKnownFileType = text.plist.strings; name = he; path = he.lproj/Localizable.strings; sourceTree = "<group>"; };
		01957A68252B9FEA00802F58 /* StartScreenViewController.swift */ = {isa = PBXFileReference; lastKnownFileType = sourcecode.swift; path = StartScreenViewController.swift; sourceTree = "<group>"; };
		01957A6C252BA2DE00802F58 /* StartScreenButton.swift */ = {isa = PBXFileReference; lastKnownFileType = sourcecode.swift; path = StartScreenButton.swift; sourceTree = "<group>"; };
		01957A6F252BA35000802F58 /* GameTitleLabel.swift */ = {isa = PBXFileReference; lastKnownFileType = sourcecode.swift; path = GameTitleLabel.swift; sourceTree = "<group>"; };
		01957A72252BA3AE00802F58 /* PlayerSelectView.swift */ = {isa = PBXFileReference; lastKnownFileType = sourcecode.swift; path = PlayerSelectView.swift; sourceTree = "<group>"; };
		01F77DAC252B358800466962 /* TetrisCloneWIthGit.app */ = {isa = PBXFileReference; explicitFileType = wrapper.application; includeInIndex = 0; path = TetrisCloneWIthGit.app; sourceTree = BUILT_PRODUCTS_DIR; };
		01F77DAF252B358800466962 /* AppDelegate.swift */ = {isa = PBXFileReference; lastKnownFileType = sourcecode.swift; path = AppDelegate.swift; sourceTree = "<group>"; };
		01F77DB1252B358800466962 /* SceneDelegate.swift */ = {isa = PBXFileReference; lastKnownFileType = sourcecode.swift; path = SceneDelegate.swift; sourceTree = "<group>"; };
		01F77DB9252B358800466962 /* TetrisCloneWIthGit.xcdatamodel */ = {isa = PBXFileReference; lastKnownFileType = wrapper.xcdatamodel; path = TetrisCloneWIthGit.xcdatamodel; sourceTree = "<group>"; };
		01F77DBB252B358A00466962 /* Assets.xcassets */ = {isa = PBXFileReference; lastKnownFileType = folder.assetcatalog; path = Assets.xcassets; sourceTree = "<group>"; };
		01F77DBE252B358A00466962 /* Base */ = {isa = PBXFileReference; lastKnownFileType = file.storyboard; name = Base; path = Base.lproj/LaunchScreen.storyboard; sourceTree = "<group>"; };
		01F77DC0252B358A00466962 /* Info.plist */ = {isa = PBXFileReference; lastKnownFileType = text.plist.xml; path = Info.plist; sourceTree = "<group>"; };
/* End PBXFileReference section */

/* Begin PBXFrameworksBuildPhase section */
		01F77DA9252B358800466962 /* Frameworks */ = {
			isa = PBXFrameworksBuildPhase;
			buildActionMask = 2147483647;
			files = (
			);
			runOnlyForDeploymentPostprocessing = 0;
		};
/* End PBXFrameworksBuildPhase section */

/* Begin PBXGroup section */
		01957A75252BA3E700802F58 /* StartScreenView */ = {
			isa = PBXGroup;
			children = (
				01957A68252B9FEA00802F58 /* StartScreenViewController.swift */,
				01957A6F252BA35000802F58 /* GameTitleLabel.swift */,
				01957A6C252BA2DE00802F58 /* StartScreenButton.swift */,
				01957A72252BA3AE00802F58 /* PlayerSelectView.swift */,
			);
			path = StartScreenView;
			sourceTree = "<group>";
		};
		01F77DA3252B358800466962 = {
			isa = PBXGroup;
			children = (
				01F77DAE252B358800466962 /* TetrisCloneWIthGit */,
				01F77DAD252B358800466962 /* Products */,
			);
			sourceTree = "<group>";
		};
		01F77DAD252B358800466962 /* Products */ = {
			isa = PBXGroup;
			children = (
				01F77DAC252B358800466962 /* TetrisCloneWIthGit.app */,
			);
			name = Products;
			sourceTree = "<group>";
		};
		01F77DAE252B358800466962 /* TetrisCloneWIthGit */ = {
			isa = PBXGroup;
			children = (
				01F77DAF252B358800466962 /* AppDelegate.swift */,
				01F77DB1252B358800466962 /* SceneDelegate.swift */,
				01957A75252BA3E700802F58 /* StartScreenView */,
				01F77DBB252B358A00466962 /* Assets.xcassets */,
				01F77DBD252B358A00466962 /* LaunchScreen.storyboard */,
				01F77DC0252B358A00466962 /* Info.plist */,
				01F77DB8252B358800466962 /* TetrisCloneWIthGit.xcdatamodeld */,
				0183D876252C06D7001DC8C9 /* Localizable.strings */,
			);
			path = TetrisCloneWIthGit;
			sourceTree = "<group>";
		};
/* End PBXGroup section */

/* Begin PBXNativeTarget section */
		01F77DAB252B358800466962 /* TetrisCloneWIthGit */ = {
			isa = PBXNativeTarget;
			buildConfigurationList = 01F77DC3252B358A00466962 /* Build configuration list for PBXNativeTarget "TetrisCloneWIthGit" */;
			buildPhases = (
				01F77DA8252B358800466962 /* Sources */,
				01F77DA9252B358800466962 /* Frameworks */,
				01F77DAA252B358800466962 /* Resources */,
			);
			buildRules = (
			);
			dependencies = (
			);
			name = TetrisCloneWIthGit;
			productName = TetrisCloneWIthGit;
			productReference = 01F77DAC252B358800466962 /* TetrisCloneWIthGit.app */;
			productType = "com.apple.product-type.application";
		};
/* End PBXNativeTarget section */

/* Begin PBXProject section */
		01F77DA4252B358800466962 /* Project object */ = {
			isa = PBXProject;
			attributes = {
				LastSwiftUpdateCheck = 1200;
				LastUpgradeCheck = 1200;
				TargetAttributes = {
					01F77DAB252B358800466962 = {
						CreatedOnToolsVersion = 12.0.1;
					};
				};
			};
			buildConfigurationList = 01F77DA7252B358800466962 /* Build configuration list for PBXProject "TetrisCloneWIthGit" */;
			compatibilityVersion = "Xcode 9.3";
			developmentRegion = en;
			hasScannedForEncodings = 0;
			knownRegions = (
				en,
				Base,
				"zh-Hant",
				ja,
				fr,
				he,
			);
			mainGroup = 01F77DA3252B358800466962;
			productRefGroup = 01F77DAD252B358800466962 /* Products */;
			projectDirPath = "";
			projectRoot = "";
			targets = (
				01F77DAB252B358800466962 /* TetrisCloneWIthGit */,
			);
		};
/* End PBXProject section */

/* Begin PBXResourcesBuildPhase section */
		01F77DAA252B358800466962 /* Resources */ = {
			isa = PBXResourcesBuildPhase;
			buildActionMask = 2147483647;
			files = (
				0183D874252C06D7001DC8C9 /* Localizable.strings in Resources */,
				01F77DBF252B358A00466962 /* LaunchScreen.storyboard in Resources */,
				01F77DBC252B358A00466962 /* Assets.xcassets in Resources */,
			);
			runOnlyForDeploymentPostprocessing = 0;
		};
/* End PBXResourcesBuildPhase section */

/* Begin PBXSourcesBuildPhase section */
		01F77DA8252B358800466962 /* Sources */ = {
			isa = PBXSourcesBuildPhase;
			buildActionMask = 2147483647;
			files = (
				01957A73252BA3AE00802F58 /* PlayerSelectView.swift in Sources */,
				01F77DB0252B358800466962 /* AppDelegate.swift in Sources */,
				01F77DB2252B358800466962 /* SceneDelegate.swift in Sources */,
				01F77DBA252B358800466962 /* TetrisCloneWIthGit.xcdatamodeld in Sources */,
				01957A70252BA35000802F58 /* GameTitleLabel.swift in Sources */,
				01957A6D252BA2DE00802F58 /* StartScreenButton.swift in Sources */,
				01957A69252B9FEA00802F58 /* StartScreenViewController.swift in Sources */,
			);
			runOnlyForDeploymentPostprocessing = 0;
		};
/* End PBXSourcesBuildPhase section */

/* Begin PBXVariantGroup section */
		0183D876252C06D7001DC8C9 /* Localizable.strings */ = {
			isa = PBXVariantGroup;
			children = (
				0183D875252C06D7001DC8C9 /* en */,
				0183D879252C0709001DC8C9 /* zh-Hant */,
				0183D87B252C073F001DC8C9 /* ja */,
				0183D87D252C0F54001DC8C9 /* fr */,
				0183D87E252C0F6E001DC8C9 /* he */,
			);
			name = Localizable.strings;
			sourceTree = "<group>";
		};
		01F77DBD252B358A00466962 /* LaunchScreen.storyboard */ = {
			isa = PBXVariantGroup;
			children = (
				01F77DBE252B358A00466962 /* Base */,
			);
			name = LaunchScreen.storyboard;
			sourceTree = "<group>";
		};
/* End PBXVariantGroup section */

/* Begin XCBuildConfiguration section */
		01F77DC1252B358A00466962 /* Debug */ = {
			isa = XCBuildConfiguration;
			buildSettings = {
				ALWAYS_SEARCH_USER_PATHS = NO;
				CLANG_ANALYZER_LOCALIZABILITY_NONLOCALIZED = YES;
				CLANG_ANALYZER_NONNULL = YES;
				CLANG_ANALYZER_NUMBER_OBJECT_CONVERSION = YES_AGGRESSIVE;
				CLANG_CXX_LANGUAGE_STANDARD = "gnu++14";
				CLANG_CXX_LIBRARY = "libc++";
				CLANG_ENABLE_MODULES = YES;
				CLANG_ENABLE_OBJC_ARC = YES;
				CLANG_ENABLE_OBJC_WEAK = YES;
				CLANG_WARN_BLOCK_CAPTURE_AUTORELEASING = YES;
				CLANG_WARN_BOOL_CONVERSION = YES;
				CLANG_WARN_COMMA = YES;
				CLANG_WARN_CONSTANT_CONVERSION = YES;
				CLANG_WARN_DEPRECATED_OBJC_IMPLEMENTATIONS = YES;
				CLANG_WARN_DIRECT_OBJC_ISA_USAGE = YES_ERROR;
				CLANG_WARN_DOCUMENTATION_COMMENTS = YES;
				CLANG_WARN_EMPTY_BODY = YES;
				CLANG_WARN_ENUM_CONVERSION = YES;
				CLANG_WARN_INFINITE_RECURSION = YES;
				CLANG_WARN_INT_CONVERSION = YES;
				CLANG_WARN_NON_LITERAL_NULL_CONVERSION = YES;
				CLANG_WARN_OBJC_IMPLICIT_RETAIN_SELF = YES;
				CLANG_WARN_OBJC_LITERAL_CONVERSION = YES;
				CLANG_WARN_OBJC_ROOT_CLASS = YES_ERROR;
				CLANG_WARN_QUOTED_INCLUDE_IN_FRAMEWORK_HEADER = YES;
				CLANG_WARN_RANGE_LOOP_ANALYSIS = YES;
				CLANG_WARN_STRICT_PROTOTYPES = YES;
				CLANG_WARN_SUSPICIOUS_MOVE = YES;
				CLANG_WARN_UNGUARDED_AVAILABILITY = YES_AGGRESSIVE;
				CLANG_WARN_UNREACHABLE_CODE = YES;
				CLANG_WARN__DUPLICATE_METHOD_MATCH = YES;
				COPY_PHASE_STRIP = NO;
				DEBUG_INFORMATION_FORMAT = dwarf;
				ENABLE_STRICT_OBJC_MSGSEND = YES;
				ENABLE_TESTABILITY = YES;
				GCC_C_LANGUAGE_STANDARD = gnu11;
				GCC_DYNAMIC_NO_PIC = NO;
				GCC_NO_COMMON_BLOCKS = YES;
				GCC_OPTIMIZATION_LEVEL = 0;
				GCC_PREPROCESSOR_DEFINITIONS = (
					"DEBUG=1",
					"$(inherited)",
				);
				GCC_WARN_64_TO_32_BIT_CONVERSION = YES;
				GCC_WARN_ABOUT_RETURN_TYPE = YES_ERROR;
				GCC_WARN_UNDECLARED_SELECTOR = YES;
				GCC_WARN_UNINITIALIZED_AUTOS = YES_AGGRESSIVE;
				GCC_WARN_UNUSED_FUNCTION = YES;
				GCC_WARN_UNUSED_VARIABLE = YES;
				IPHONEOS_DEPLOYMENT_TARGET = 14.0;
				MTL_ENABLE_DEBUG_INFO = INCLUDE_SOURCE;
				MTL_FAST_MATH = YES;
				ONLY_ACTIVE_ARCH = YES;
				SDKROOT = iphoneos;
				SWIFT_ACTIVE_COMPILATION_CONDITIONS = DEBUG;
				SWIFT_OPTIMIZATION_LEVEL = "-Onone";
			};
			name = Debug;
		};
		01F77DC2252B358A00466962 /* Release */ = {
			isa = XCBuildConfiguration;
			buildSettings = {
				ALWAYS_SEARCH_USER_PATHS = NO;
				CLANG_ANALYZER_LOCALIZABILITY_NONLOCALIZED = YES;
				CLANG_ANALYZER_NONNULL = YES;
				CLANG_ANALYZER_NUMBER_OBJECT_CONVERSION = YES_AGGRESSIVE;
				CLANG_CXX_LANGUAGE_STANDARD = "gnu++14";
				CLANG_CXX_LIBRARY = "libc++";
				CLANG_ENABLE_MODULES = YES;
				CLANG_ENABLE_OBJC_ARC = YES;
				CLANG_ENABLE_OBJC_WEAK = YES;
				CLANG_WARN_BLOCK_CAPTURE_AUTORELEASING = YES;
				CLANG_WARN_BOOL_CONVERSION = YES;
				CLANG_WARN_COMMA = YES;
				CLANG_WARN_CONSTANT_CONVERSION = YES;
				CLANG_WARN_DEPRECATED_OBJC_IMPLEMENTATIONS = YES;
				CLANG_WARN_DIRECT_OBJC_ISA_USAGE = YES_ERROR;
				CLANG_WARN_DOCUMENTATION_COMMENTS = YES;
				CLANG_WARN_EMPTY_BODY = YES;
				CLANG_WARN_ENUM_CONVERSION = YES;
				CLANG_WARN_INFINITE_RECURSION = YES;
				CLANG_WARN_INT_CONVERSION = YES;
				CLANG_WARN_NON_LITERAL_NULL_CONVERSION = YES;
				CLANG_WARN_OBJC_IMPLICIT_RETAIN_SELF = YES;
				CLANG_WARN_OBJC_LITERAL_CONVERSION = YES;
				CLANG_WARN_OBJC_ROOT_CLASS = YES_ERROR;
				CLANG_WARN_QUOTED_INCLUDE_IN_FRAMEWORK_HEADER = YES;
				CLANG_WARN_RANGE_LOOP_ANALYSIS = YES;
				CLANG_WARN_STRICT_PROTOTYPES = YES;
				CLANG_WARN_SUSPICIOUS_MOVE = YES;
				CLANG_WARN_UNGUARDED_AVAILABILITY = YES_AGGRESSIVE;
				CLANG_WARN_UNREACHABLE_CODE = YES;
				CLANG_WARN__DUPLICATE_METHOD_MATCH = YES;
				COPY_PHASE_STRIP = NO;
				DEBUG_INFORMATION_FORMAT = "dwarf-with-dsym";
				ENABLE_NS_ASSERTIONS = NO;
				ENABLE_STRICT_OBJC_MSGSEND = YES;
				GCC_C_LANGUAGE_STANDARD = gnu11;
				GCC_NO_COMMON_BLOCKS = YES;
				GCC_WARN_64_TO_32_BIT_CONVERSION = YES;
				GCC_WARN_ABOUT_RETURN_TYPE = YES_ERROR;
				GCC_WARN_UNDECLARED_SELECTOR = YES;
				GCC_WARN_UNINITIALIZED_AUTOS = YES_AGGRESSIVE;
				GCC_WARN_UNUSED_FUNCTION = YES;
				GCC_WARN_UNUSED_VARIABLE = YES;
				IPHONEOS_DEPLOYMENT_TARGET = 14.0;
				MTL_ENABLE_DEBUG_INFO = NO;
				MTL_FAST_MATH = YES;
				SDKROOT = iphoneos;
				SWIFT_COMPILATION_MODE = wholemodule;
				SWIFT_OPTIMIZATION_LEVEL = "-O";
				VALIDATE_PRODUCT = YES;
			};
			name = Release;
		};
		01F77DC4252B358A00466962 /* Debug */ = {
			isa = XCBuildConfiguration;
			buildSettings = {
				ASSETCATALOG_COMPILER_APPICON_NAME = AppIcon;
				ASSETCATALOG_COMPILER_GLOBAL_ACCENT_COLOR_NAME = AccentColor;
				CODE_SIGN_STYLE = Automatic;
				DEVELOPMENT_TEAM = ZWZWK9FUVE;
				INFOPLIST_FILE = TetrisCloneWIthGit/Info.plist;
				LD_RUNPATH_SEARCH_PATHS = (
					"$(inherited)",
					"@executable_path/Frameworks",
				);
				PRODUCT_BUNDLE_IDENTIFIER = NC.TetrisCloneWIthGit;
				PRODUCT_NAME = "$(TARGET_NAME)";
				SWIFT_VERSION = 5.0;
				TARGETED_DEVICE_FAMILY = "1,2";
			};
			name = Debug;
		};
		01F77DC5252B358A00466962 /* Release */ = {
			isa = XCBuildConfiguration;
			buildSettings = {
				ASSETCATALOG_COMPILER_APPICON_NAME = AppIcon;
				ASSETCATALOG_COMPILER_GLOBAL_ACCENT_COLOR_NAME = AccentColor;
				CODE_SIGN_STYLE = Automatic;
				DEVELOPMENT_TEAM = ZWZWK9FUVE;
				INFOPLIST_FILE = TetrisCloneWIthGit/Info.plist;
				LD_RUNPATH_SEARCH_PATHS = (
					"$(inherited)",
					"@executable_path/Frameworks",
				);
				PRODUCT_BUNDLE_IDENTIFIER = NC.TetrisCloneWIthGit;
				PRODUCT_NAME = "$(TARGET_NAME)";
				SWIFT_VERSION = 5.0;
				TARGETED_DEVICE_FAMILY = "1,2";
			};
			name = Release;
		};
/* End XCBuildConfiguration section */

/* Begin XCConfigurationList section */
		01F77DA7252B358800466962 /* Build configuration list for PBXProject "TetrisCloneWIthGit" */ = {
			isa = XCConfigurationList;
			buildConfigurations = (
				01F77DC1252B358A00466962 /* Debug */,
				01F77DC2252B358A00466962 /* Release */,
			);
			defaultConfigurationIsVisible = 0;
			defaultConfigurationName = Release;
		};
		01F77DC3252B358A00466962 /* Build configuration list for PBXNativeTarget "TetrisCloneWIthGit" */ = {
			isa = XCConfigurationList;
			buildConfigurations = (
				01F77DC4252B358A00466962 /* Debug */,
				01F77DC5252B358A00466962 /* Release */,
			);
			defaultConfigurationIsVisible = 0;
			defaultConfigurationName = Release;
		};
/* End XCConfigurationList section */

/* Begin XCVersionGroup section */
		01F77DB8252B358800466962 /* TetrisCloneWIthGit.xcdatamodeld */ = {
			isa = XCVersionGroup;
			children = (
				01F77DB9252B358800466962 /* TetrisCloneWIthGit.xcdatamodel */,
			);
			currentVersion = 01F77DB9252B358800466962 /* TetrisCloneWIthGit.xcdatamodel */;
			path = TetrisCloneWIthGit.xcdatamodeld;
			sourceTree = "<group>";
			versionGroupType = wrapper.xcdatamodel;
		};
/* End XCVersionGroup section */
	};
	rootObject = 01F77DA4252B358800466962 /* Project object */;
}
